
Microsoft Visual Studio Solution File, Format Version 12.00
# Visual Studio Version 17
VisualStudioVersion = 17.10.35027.167
MinimumVisualStudioVersion = 10.0.40219.1
Project("{9A19103F-16F7-4668-BE54-9A1E7A4F7556}") = "ECommerce.Business", "ECommerce.Business\ECommerce.Business.csproj", "{CFA2EBCF-565D-4C1C-9321-3F1CEF146329}"
EndProject
Project("{9A19103F-16F7-4668-BE54-9A1E7A4F7556}") = "ECommerce.Core", "ECommerce.Core\ECommerce.Core.csproj", "{DF40F1E9-70FD-400B-8617-AE00888413BB}"
EndProject
Project("{9A19103F-16F7-4668-BE54-9A1E7A4F7556}") = "ECommerce.DataAccess", "ECommerce.DataAccess\ECommerce.DataAccess.csproj", "{234B4F7A-4616-40FD-9939-91A4403590EE}"
EndProject
Project("{9A19103F-16F7-4668-BE54-9A1E7A4F7556}") = "ECommerce.Entities", "ECommerce.Entities\ECommerce.Entities.csproj", "{ACA19BF0-A0B9-453E-8FF4-CE689CC63418}"
EndProject
Project("{9A19103F-16F7-4668-BE54-9A1E7A4F7556}") = "ECommerce.WebUI", "ECommerce.WebUI\ECommerce.WebUI.csproj", "{EE4F412B-3502-46EC-8150-E297DF229E91}"
EndProject
Global
	GlobalSection(SolutionConfigurationPlatforms) = preSolution
		Debug|Any CPU = Debug|Any CPU
		Release|Any CPU = Release|Any CPU
	EndGlobalSection
	GlobalSection(ProjectConfigurationPlatforms) = postSolution
		{CFA2EBCF-565D-4C1C-9321-3F1CEF146329}.Debug|Any CPU.ActiveCfg = Debug|Any CPU
		{CFA2EBCF-565D-4C1C-9321-3F1CEF146329}.Debug|Any CPU.Build.0 = Debug|Any CPU
		{CFA2EBCF-565D-4C1C-9321-3F1CEF146329}.Release|Any CPU.ActiveCfg = Release|Any CPU
		{CFA2EBCF-565D-4C1C-9321-3F1CEF146329}.Release|Any CPU.Build.0 = Release|Any CPU
		{DF40F1E9-70FD-400B-8617-AE00888413BB}.Debug|Any CPU.ActiveCfg = Debug|Any CPU
		{DF40F1E9-70FD-400B-8617-AE00888413BB}.Debug|Any CPU.Build.0 = Debug|Any CPU
		{DF40F1E9-70FD-400B-8617-AE00888413BB}.Release|Any CPU.ActiveCfg = Release|Any CPU
		{DF40F1E9-70FD-400B-8617-AE00888413BB}.Release|Any CPU.Build.0 = Release|Any CPU
		{234B4F7A-4616-40FD-9939-91A4403590EE}.Debug|Any CPU.ActiveCfg = Debug|Any CPU
		{234B4F7A-4616-40FD-9939-91A4403590EE}.Debug|Any CPU.Build.0 = Debug|Any CPU
		{234B4F7A-4616-40FD-9939-91A4403590EE}.Release|Any CPU.ActiveCfg = Release|Any CPU
		{234B4F7A-4616-40FD-9939-91A4403590EE}.Release|Any CPU.Build.0 = Release|Any CPU
		{ACA19BF0-A0B9-453E-8FF4-CE689CC63418}.Debug|Any CPU.ActiveCfg = Debug|Any CPU
		{ACA19BF0-A0B9-453E-8FF4-CE689CC63418}.Debug|Any CPU.Build.0 = Debug|Any CPU
		{ACA19BF0-A0B9-453E-8FF4-CE689CC63418}.Release|Any CPU.ActiveCfg = Release|Any CPU
		{ACA19BF0-A0B9-453E-8FF4-CE689CC63418}.Release|Any CPU.Build.0 = Release|Any CPU
		{EE4F412B-3502-46EC-8150-E297DF229E91}.Debug|Any CPU.ActiveCfg = Debug|Any CPU
		{EE4F412B-3502-46EC-8150-E297DF229E91}.Debug|Any CPU.Build.0 = Debug|Any CPU
		{EE4F412B-3502-46EC-8150-E297DF229E91}.Release|Any CPU.ActiveCfg = Release|Any CPU
		{EE4F412B-3502-46EC-8150-E297DF229E91}.Release|Any CPU.Build.0 = Release|Any CPU
	EndGlobalSection
	GlobalSection(SolutionProperties) = preSolution
		HideSolutionNode = FALSE
	EndGlobalSection
	GlobalSection(ExtensibilityGlobals) = postSolution
		SolutionGuid = {A4F8C969-5D3A-40A8-939C-7504D19AB776}
	EndGlobalSection
EndGlobal
